// !$*UTF8*$!
{
	archiveVersion = 1;
	classes = {
	};
	objectVersion = 46;
	objects = {

/* Begin PBXBuildFile section */
		07E65C331B3B426C00D9674D /* AppDelegate.swift in Sources */ = {isa = PBXBuildFile; fileRef = 07E65C321B3B426C00D9674D /* AppDelegate.swift */; };
		07E65C351B3B426C00D9674D /* PsychologistViewController.swift in Sources */ = {isa = PBXBuildFile; fileRef = 07E65C341B3B426C00D9674D /* PsychologistViewController.swift */; };
		07E65C381B3B426C00D9674D /* Main.storyboard in Resources */ = {isa = PBXBuildFile; fileRef = 07E65C361B3B426C00D9674D /* Main.storyboard */; };
		07E65C3A1B3B426C00D9674D /* Images.xcassets in Resources */ = {isa = PBXBuildFile; fileRef = 07E65C391B3B426C00D9674D /* Images.xcassets */; };
		07E65C3D1B3B426C00D9674D /* LaunchScreen.xib in Resources */ = {isa = PBXBuildFile; fileRef = 07E65C3B1B3B426C00D9674D /* LaunchScreen.xib */; };
		07E65C491B3B426C00D9674D /* PsychologistTrainingTests.swift in Sources */ = {isa = PBXBuildFile; fileRef = 07E65C481B3B426C00D9674D /* PsychologistTrainingTests.swift */; };
		07E65C541B3B493100D9674D /* FaceView.swift in Sources */ = {isa = PBXBuildFile; fileRef = 07E65C521B3B493100D9674D /* FaceView.swift */; };
		07E65C551B3B493100D9674D /* HappinessViewController.swift in Sources */ = {isa = PBXBuildFile; fileRef = 07E65C531B3B493100D9674D /* HappinessViewController.swift */; };
/* End PBXBuildFile section */

/* Begin PBXContainerItemProxy section */
		07E65C431B3B426C00D9674D /* PBXContainerItemProxy */ = {
			isa = PBXContainerItemProxy;
			containerPortal = 07E65C251B3B426C00D9674D /* Project object */;
			proxyType = 1;
			remoteGlobalIDString = 07E65C2C1B3B426C00D9674D;
			remoteInfo = PsychologistTraining;
		};
/* End PBXContainerItemProxy section */

/* Begin PBXFileReference section */
		07E65C2D1B3B426C00D9674D /* PsychologistTraining.app */ = {isa = PBXFileReference; explicitFileType = wrapper.application; includeInIndex = 0; path = PsychologistTraining.app; sourceTree = BUILT_PRODUCTS_DIR; };
		07E65C311B3B426C00D9674D /* Info.plist */ = {isa = PBXFileReference; lastKnownFileType = text.plist.xml; path = Info.plist; sourceTree = "<group>"; };
		07E65C321B3B426C00D9674D /* AppDelegate.swift */ = {isa = PBXFileReference; lastKnownFileType = sourcecode.swift; path = AppDelegate.swift; sourceTree = "<group>"; };
		07E65C341B3B426C00D9674D /* PsychologistViewController.swift */ = {isa = PBXFileReference; lastKnownFileType = sourcecode.swift; path = PsychologistViewController.swift; sourceTree = "<group>"; };
		07E65C371B3B426C00D9674D /* Base */ = {isa = PBXFileReference; lastKnownFileType = file.storyboard; name = Base; path = Base.lproj/Main.storyboard; sourceTree = "<group>"; };
		07E65C391B3B426C00D9674D /* Images.xcassets */ = {isa = PBXFileReference; lastKnownFileType = folder.assetcatalog; path = Images.xcassets; sourceTree = "<group>"; };
		07E65C3C1B3B426C00D9674D /* Base */ = {isa = PBXFileReference; lastKnownFileType = file.xib; name = Base; path = Base.lproj/LaunchScreen.xib; sourceTree = "<group>"; };
		07E65C421B3B426C00D9674D /* PsychologistTrainingTests.xctest */ = {isa = PBXFileReference; explicitFileType = wrapper.cfbundle; includeInIndex = 0; path = PsychologistTrainingTests.xctest; sourceTree = BUILT_PRODUCTS_DIR; };
		07E65C471B3B426C00D9674D /* Info.plist */ = {isa = PBXFileReference; lastKnownFileType = text.plist.xml; path = Info.plist; sourceTree = "<group>"; };
		07E65C481B3B426C00D9674D /* PsychologistTrainingTests.swift */ = {isa = PBXFileReference; lastKnownFileType = sourcecode.swift; path = PsychologistTrainingTests.swift; sourceTree = "<group>"; };
		07E65C521B3B493100D9674D /* FaceView.swift */ = {isa = PBXFileReference; fileEncoding = 4; lastKnownFileType = sourcecode.swift; path = FaceView.swift; sourceTree = "<group>"; };
		07E65C531B3B493100D9674D /* HappinessViewController.swift */ = {isa = PBXFileReference; fileEncoding = 4; lastKnownFileType = sourcecode.swift; path = HappinessViewController.swift; sourceTree = "<group>"; };
/* End PBXFileReference section */

/* Begin PBXFrameworksBuildPhase section */
		07E65C2A1B3B426C00D9674D /* Frameworks */ = {
			isa = PBXFrameworksBuildPhase;
			buildActionMask = 2147483647;
			files = (
			);
			runOnlyForDeploymentPostprocessing = 0;
		};
		07E65C3F1B3B426C00D9674D /* Frameworks */ = {
			isa = PBXFrameworksBuildPhase;
			buildActionMask = 2147483647;
			files = (
			);
			runOnlyForDeploymentPostprocessing = 0;
		};
/* End PBXFrameworksBuildPhase section */

/* Begin PBXGroup section */
		07E65C241B3B426C00D9674D = {
			isa = PBXGroup;
			children = (
				07E65C2F1B3B426C00D9674D /* PsychologistTraining */,
				07E65C451B3B426C00D9674D /* PsychologistTrainingTests */,
				07E65C2E1B3B426C00D9674D /* Products */,
			);
			sourceTree = "<group>";
		};
		07E65C2E1B3B426C00D9674D /* Products */ = {
			isa = PBXGroup;
			children = (
				07E65C2D1B3B426C00D9674D /* PsychologistTraining.app */,
				07E65C421B3B426C00D9674D /* PsychologistTrainingTests.xctest */,
			);
			name = Products;
			sourceTree = "<group>";
		};
		07E65C2F1B3B426C00D9674D /* PsychologistTraining */ = {
			isa = PBXGroup;
			children = (
				07E65C521B3B493100D9674D /* FaceView.swift */,
				07E65C531B3B493100D9674D /* HappinessViewController.swift */,
				07E65C341B3B426C00D9674D /* PsychologistViewController.swift */,
				07E65C361B3B426C00D9674D /* Main.storyboard */,
				07E65C301B3B426C00D9674D /* Supporting Files */,
			);
			path = PsychologistTraining;
			sourceTree = "<group>";
		};
		07E65C301B3B426C00D9674D /* Supporting Files */ = {
			isa = PBXGroup;
			children = (
				07E65C321B3B426C00D9674D /* AppDelegate.swift */,
				07E65C391B3B426C00D9674D /* Images.xcassets */,
				07E65C3B1B3B426C00D9674D /* LaunchScreen.xib */,
				07E65C311B3B426C00D9674D /* Info.plist */,
			);
			name = "Supporting Files";
			sourceTree = "<group>";
		};
		07E65C451B3B426C00D9674D /* PsychologistTrainingTests */ = {
			isa = PBXGroup;
			children = (
				07E65C481B3B426C00D9674D /* PsychologistTrainingTests.swift */,
				07E65C461B3B426C00D9674D /* Supporting Files */,
			);
			path = PsychologistTrainingTests;
			sourceTree = "<group>";
		};
		07E65C461B3B426C00D9674D /* Supporting Files */ = {
			isa = PBXGroup;
			children = (
				07E65C471B3B426C00D9674D /* Info.plist */,
			);
			name = "Supporting Files";
			sourceTree = "<group>";
		};
/* End PBXGroup section */

/* Begin PBXNativeTarget section */
		07E65C2C1B3B426C00D9674D /* PsychologistTraining */ = {
			isa = PBXNativeTarget;
			buildConfigurationList = 07E65C4C1B3B426C00D9674D /* Build configuration list for PBXNativeTarget "PsychologistTraining" */;
			buildPhases = (
				07E65C291B3B426C00D9674D /* Sources */,
				07E65C2A1B3B426C00D9674D /* Frameworks */,
				07E65C2B1B3B426C00D9674D /* Resources */,
			);
			buildRules = (
			);
			dependencies = (
			);
			name = PsychologistTraining;
			productName = PsychologistTraining;
			productReference = 07E65C2D1B3B426C00D9674D /* PsychologistTraining.app */;
			productType = "com.apple.product-type.application";
		};
		07E65C411B3B426C00D9674D /* PsychologistTrainingTests */ = {
			isa = PBXNativeTarget;
			buildConfigurationList = 07E65C4F1B3B426C00D9674D /* Build configuration list for PBXNativeTarget "PsychologistTrainingTests" */;
			buildPhases = (
				07E65C3E1B3B426C00D9674D /* Sources */,
				07E65C3F1B3B426C00D9674D /* Frameworks */,
				07E65C401B3B426C00D9674D /* Resources */,
			);
			buildRules = (
			);
			dependencies = (
				07E65C441B3B426C00D9674D /* PBXTargetDependency */,
			);
			name = PsychologistTrainingTests;
			productName = PsychologistTrainingTests;
			productReference = 07E65C421B3B426C00D9674D /* PsychologistTrainingTests.xctest */;
			productType = "com.apple.product-type.bundle.unit-test";
		};
/* End PBXNativeTarget section */

/* Begin PBXProject section */
		07E65C251B3B426C00D9674D /* Project object */ = {
			isa = PBXProject;
			attributes = {
				LastUpgradeCheck = 0630;
				ORGANIZATIONNAME = AnyWayIGo;
				TargetAttributes = {
					07E65C2C1B3B426C00D9674D = {
						CreatedOnToolsVersion = 6.3.2;
					};
					07E65C411B3B426C00D9674D = {
						CreatedOnToolsVersion = 6.3.2;
						TestTargetID = 07E65C2C1B3B426C00D9674D;
					};
				};
			};
			buildConfigurationList = 07E65C281B3B426C00D9674D /* Build configuration list for PBXProject "PsychologistTraining" */;
			compatibilityVersion = "Xcode 3.2";
			developmentRegion = English;
			hasScannedForEncodings = 0;
			knownRegions = (
				en,
				Base,
			);
			mainGroup = 07E65C241B3B426C00D9674D;
			productRefGroup = 07E65C2E1B3B426C00D9674D /* Products */;
			projectDirPath = "";
			projectRoot = "";
			targets = (
				07E65C2C1B3B426C00D9674D /* PsychologistTraining */,
				07E65C411B3B426C00D9674D /* PsychologistTrainingTests */,
			);
		};
/* End PBXProject section */

/* Begin PBXResourcesBuildPhase section */
		07E65C2B1B3B426C00D9674D /* Resources */ = {
			isa = PBXResourcesBuildPhase;
			buildActionMask = 2147483647;
			files = (
				07E65C381B3B426C00D9674D /* Main.storyboard in Resources */,
				07E65C3D1B3B426C00D9674D /* LaunchScreen.xib in Resources */,
				07E65C3A1B3B426C00D9674D /* Images.xcassets in Resources */,
			);
			runOnlyForDeploymentPostprocessing = 0;
		};
		07E65C401B3B426C00D9674D /* Resources */ = {
			isa = PBXResourcesBuildPhase;
			buildActionMask = 2147483647;
			files = (
			);
			runOnlyForDeploymentPostprocessing = 0;
		};
/* End PBXResourcesBuildPhase section */

/* Begin PBXSourcesBuildPhase section */
		07E65C291B3B426C00D9674D /* Sources */ = {
			isa = PBXSourcesBuildPhase;
			buildActionMask = 2147483647;
			files = (
				07E65C351B3B426C00D9674D /* PsychologistViewController.swift in Sources */,
				07E65C331B3B426C00D9674D /* AppDelegate.swift in Sources */,
				07E65C551B3B493100D9674D /* HappinessViewController.swift in Sources */,
				07E65C541B3B493100D9674D /* FaceView.swift in Sources */,
			);
			runOnlyForDeploymentPostprocessing = 0;
		};
		07E65C3E1B3B426C00D9674D /* Sources */ = {
			isa = PBXSourcesBuildPhase;
			buildActionMask = 2147483647;
			files = (
				07E65C491B3B426C00D9674D /* PsychologistTrainingTests.swift in Sources */,
			);
			runOnlyForDeploymentPostprocessing = 0;
		};
/* End PBXSourcesBuildPhase section */

/* Begin PBXTargetDependency section */
		07E65C441B3B426C00D9674D /* PBXTargetDependency */ = {
			isa = PBXTargetDependency;
			target = 07E65C2C1B3B426C00D9674D /* PsychologistTraining */;
			targetProxy = 07E65C431B3B426C00D9674D /* PBXContainerItemProxy */;
		};
/* End PBXTargetDependency section */

/* Begin PBXVariantGroup section */
		07E65C361B3B426C00D9674D /* Main.storyboard */ = {
			isa = PBXVariantGroup;
			children = (
				07E65C371B3B426C00D9674D /* Base */,
			);
			name = Main.storyboard;
			sourceTree = "<group>";
		};
		07E65C3B1B3B426C00D9674D /* LaunchScreen.xib */ = {
			isa = PBXVariantGroup;
			children = (
				07E65C3C1B3B426C00D9674D /* Base */,
			);
			name = LaunchScreen.xib;
			sourceTree = "<group>";
		};
/* End PBXVariantGroup section */

/* Begin XCBuildConfiguration section */
		07E65C4A1B3B426C00D9674D /* Debug */ = {
			isa = XCBuildConfiguration;
			buildSettings = {
				ALWAYS_SEARCH_USER_PATHS = NO;
				CLANG_CXX_LANGUAGE_STANDARD = "gnu++0x";
				CLANG_CXX_LIBRARY = "libc++";
				CLANG_ENABLE_MODULES = YES;
				CLANG_ENABLE_OBJC_ARC = YES;
				CLANG_WARN_BOOL_CONVERSION = YES;
				CLANG_WARN_CONSTANT_CONVERSION = YES;
				CLANG_WARN_DIRECT_OBJC_ISA_USAGE = YES_ERROR;
				CLANG_WARN_EMPTY_BODY = YES;
				CLANG_WARN_ENUM_CONVERSION = YES;
				CLANG_WARN_INT_CONVERSION = YES;
				CLANG_WARN_OBJC_ROOT_CLASS = YES_ERROR;
				CLANG_WARN_UNREACHABLE_CODE = YES;
				CLANG_WARN__DUPLICATE_METHOD_MATCH = YES;
				"CODE_SIGN_IDENTITY[sdk=iphoneos*]" = "iPhone Developer";
				COPY_PHASE_STRIP = NO;
				DEBUG_INFORMATION_FORMAT = "dwarf-with-dsym";
				ENABLE_STRICT_OBJC_MSGSEND = YES;
				GCC_C_LANGUAGE_STANDARD = gnu99;
				GCC_DYNAMIC_NO_PIC = NO;
				GCC_NO_COMMON_BLOCKS = YES;
				GCC_OPTIMIZATION_LEVEL = 0;
				GCC_PREPROCESSOR_DEFINITIONS = (
					"DEBUG=1",
					"$(inherited)",
				);
				GCC_SYMBOLS_PRIVATE_EXTERN = NO;
				GCC_WARN_64_TO_32_BIT_CONVERSION = YES;
				GCC_WARN_ABOUT_RETURN_TYPE = YES_ERROR;
				GCC_WARN_UNDECLARED_SELECTOR = YES;
				GCC_WARN_UNINITIALIZED_AUTOS = YES_AGGRESSIVE;
				GCC_WARN_UNUSED_FUNCTION = YES;
				GCC_WARN_UNUSED_VARIABLE = YES;
				IPHONEOS_DEPLOYMENT_TARGET = 8.3;
				MTL_ENABLE_DEBUG_INFO = YES;
				ONLY_ACTIVE_ARCH = YES;
				SDKROOT = iphoneos;
				SWIFT_OPTIMIZATION_LEVEL = "-Onone";
				TARGETED_DEVICE_FAMILY = "1,2";
			};
			name = Debug;
		};
		07E65C4B1B3B426C00D9674D /* Release */ = {
			isa = XCBuildConfiguration;
			buildSettings = {
				ALWAYS_SEARCH_USER_PATHS = NO;
				CLANG_CXX_LANGUAGE_STANDARD = "gnu++0x";
				CLANG_CXX_LIBRARY = "libc++";
				CLANG_ENABLE_MODULES = YES;
				CLANG_ENABLE_OBJC_ARC = YES;
				CLANG_WARN_BOOL_CONVERSION = YES;
				CLANG_WARN_CONSTANT_CONVERSION = YES;
				CLANG_WARN_DIRECT_OBJC_ISA_USAGE = YES_ERROR;
				CLANG_WARN_EMPTY_BODY = YES;
				CLANG_WARN_ENUM_CONVERSION = YES;
				CLANG_WARN_INT_CONVERSION = YES;
				CLANG_WARN_OBJC_ROOT_CLASS = YES_ERROR;
				CLANG_WARN_UNREACHABLE_CODE = YES;
				CLANG_WARN__DUPLICATE_METHOD_MATCH = YES;
				"CODE_SIGN_IDENTITY[sdk=iphoneos*]" = "iPhone Developer";
				COPY_PHASE_STRIP = NO;
				DEBUG_INFORMATION_FORMAT = "dwarf-with-dsym";
				ENABLE_NS_ASSERTIONS = NO;
				ENABLE_STRICT_OBJC_MSGSEND = YES;
				GCC_C_LANGUAGE_STANDARD = gnu99;
				GCC_NO_COMMON_BLOCKS = YES;
				GCC_WARN_64_TO_32_BIT_CONVERSION = YES;
				GCC_WARN_ABOUT_RETURN_TYPE = YES_ERROR;
				GCC_WARN_UNDECLARED_SELECTOR = YES;
				GCC_WARN_UNINITIALIZED_AUTOS = YES_AGGRESSIVE;
				GCC_WARN_UNUSED_FUNCTION = YES;
				GCC_WARN_UNUSED_VARIABLE = YES;
				IPHONEOS_DEPLOYMENT_TARGET = 8.3;
				MTL_ENABLE_DEBUG_INFO = NO;
				SDKROOT = iphoneos;
				TARGETED_DEVICE_FAMILY = "1,2";
				VALIDATE_PRODUCT = YES;
			};
			name = Release;
		};
		07E65C4D1B3B426C00D9674D /* Debug */ = {
			isa = XCBuildConfiguration;
			buildSettings = {
				ASSETCATALOG_COMPILER_APPICON_NAME = AppIcon;
				INFOPLIST_FILE = PsychologistTraining/Info.plist;
				LD_RUNPATH_SEARCH_PATHS = "$(inherited) @executable_path/Frameworks";
				PRODUCT_NAME = "$(TARGET_NAME)";
			};
			name = Debug;
		};
		07E65C4E1B3B426C00D9674D /* Release */ = {
			isa = XCBuildConfiguration;
			buildSettings = {
				ASSETCATALOG_COMPILER_APPICON_NAME = AppIcon;
				INFOPLIST_FILE = PsychologistTraining/Info.plist;
				LD_RUNPATH_SEARCH_PATHS = "$(inherited) @executable_path/Frameworks";
				PRODUCT_NAME = "$(TARGET_NAME)";
			};
			name = Release;
		};
		07E65C501B3B426C00D9674D /* Debug */ = {
			isa = XCBuildConfiguration;
			buildSettings = {
				BUNDLE_LOADER = "$(TEST_HOST)";
				FRAMEWORK_SEARCH_PATHS = (
					"$(SDKROOT)/Developer/Library/Frameworks",
					"$(inherited)",
				);
				GCC_PREPROCESSOR_DEFINITIONS = (
					"DEBUG=1",
					"$(inherited)",
				);
				INFOPLIST_FILE = PsychologistTrainingTests/Info.plist;
				LD_RUNPATH_SEARCH_PATHS = "$(inherited) @executable_path/Frameworks @loader_path/Frameworks";
				PRODUCT_NAME = "$(TARGET_NAME)";
				TEST_HOST = "$(BUILT_PRODUCTS_DIR)/PsychologistTraining.app/PsychologistTraining";
			};
			name = Debug;
		};
		07E65C511B3B426C00D9674D /* Release */ = {
			isa = XCBuildConfiguration;
			buildSettings = {
				BUNDLE_LOADER = "$(TEST_HOST)";
				FRAMEWORK_SEARCH_PATHS = (
					"$(SDKROOT)/Developer/Library/Frameworks",
					"$(inherited)",
				);
				INFOPLIST_FILE = PsychologistTrainingTests/Info.plist;
				LD_RUNPATH_SEARCH_PATHS = "$(inherited) @executable_path/Frameworks @loader_path/Frameworks";
				PRODUCT_NAME = "$(TARGET_NAME)";
				TEST_HOST = "$(BUILT_PRODUCTS_DIR)/PsychologistTraining.app/PsychologistTraining";
			};
			name = Release;
		};
/* End XCBuildConfiguration section */

/* Begin XCConfigurationList section */
		07E65C281B3B426C00D9674D /* Build configuration list for PBXProject "PsychologistTraining" */ = {
			isa = XCConfigurationList;
			buildConfigurations = (
				07E65C4A1B3B426C00D9674D /* Debug */,
				07E65C4B1B3B426C00D9674D /* Release */,
			);
			defaultConfigurationIsVisible = 0;
			defaultConfigurationName = Release;
		};
		07E65C4C1B3B426C00D9674D /* Build configuration list for PBXNativeTarget "PsychologistTraining" */ = {
			isa = XCConfigurationList;
			buildConfigurations = (
				07E65C4D1B3B426C00D9674D /* Debug */,
				07E65C4E1B3B426C00D9674D /* Release */,
			);
			defaultConfigurationIsVisible = 0;
		};
		07E65C4F1B3B426C00D9674D /* Build configuration list for PBXNativeTarget "PsychologistTrainingTests" */ = {
			isa = XCConfigurationList;
			buildConfigurations = (
				07E65C501B3B426C00D9674D /* Debug */,
				07E65C511B3B426C00D9674D /* Release */,
			);
			defaultConfigurationIsVisible = 0;
		};
/* End XCConfigurationList section */
	};
	rootObject = 07E65C251B3B426C00D9674D /* Project object */;
}
